// !$*UTF8*$!
{
	archiveVersion = 1;
	classes = {
	};
	objectVersion = 55;
	objects = {

/* Begin PBXBuildFile section */
		7A6AD5952843CCB300813EF8 /* PokedexApp.swift in Sources */ = {isa = PBXBuildFile; fileRef = 7A6AD5942843CCB300813EF8 /* PokedexApp.swift */; };
		7A6AD5972843CCB300813EF8 /* ContentView.swift in Sources */ = {isa = PBXBuildFile; fileRef = 7A6AD5962843CCB300813EF8 /* ContentView.swift */; };
		7A6AD5992843CCB500813EF8 /* Assets.xcassets in Resources */ = {isa = PBXBuildFile; fileRef = 7A6AD5982843CCB500813EF8 /* Assets.xcassets */; };
		7A6AD59C2843CCB500813EF8 /* Preview Assets.xcassets in Resources */ = {isa = PBXBuildFile; fileRef = 7A6AD59B2843CCB500813EF8 /* Preview Assets.xcassets */; };
		7A6AD5A42843CDA000813EF8 /* PokedexView.swift in Sources */ = {isa = PBXBuildFile; fileRef = 7A6AD5A32843CDA000813EF8 /* PokedexView.swift */; };
		7A6AD5A62843D0AB00813EF8 /* PokemonCard.swift in Sources */ = {isa = PBXBuildFile; fileRef = 7A6AD5A52843D0AB00813EF8 /* PokemonCard.swift */; };
		7A6AD5B12845109700813EF8 /* Helpers.swift in Sources */ = {isa = PBXBuildFile; fileRef = 7A6AD5B02845109700813EF8 /* Helpers.swift */; };
		7A6AD5B4284512F500813EF8 /* PokemonModel.swift in Sources */ = {isa = PBXBuildFile; fileRef = 7A6AD5B3284512F500813EF8 /* PokemonModel.swift */; };
		7A6AD5B72845144B00813EF8 /* ViewModel.swift in Sources */ = {isa = PBXBuildFile; fileRef = 7A6AD5B62845144B00813EF8 /* ViewModel.swift */; };
		7A6AD5BA2845147300813EF8 /* PokemonManager.swift in Sources */ = {isa = PBXBuildFile; fileRef = 7A6AD5B92845147300813EF8 /* PokemonManager.swift */; };
		7A6CF1722845774000F1BC29 /* PokemonTypeModel.swift in Sources */ = {isa = PBXBuildFile; fileRef = 7A6CF1712845774000F1BC29 /* PokemonTypeModel.swift */; };
		7A6CF175284A4F1300F1BC29 /* Kingfisher in Frameworks */ = {isa = PBXBuildFile; productRef = 7A6CF174284A4F1300F1BC29 /* Kingfisher */; };
		7A6CF177284A59DA00F1BC29 /* PokemonDetailView.swift in Sources */ = {isa = PBXBuildFile; fileRef = 7A6CF176284A59DA00F1BC29 /* PokemonDetailView.swift */; };
		7A6CF179284A7BD200F1BC29 /* PokemonDetailModel.swift in Sources */ = {isa = PBXBuildFile; fileRef = 7A6CF178284A7BD200F1BC29 /* PokemonDetailModel.swift */; };
		7AE93E2E2845389200A70C4F /* pokedex.json in Resources */ = {isa = PBXBuildFile; fileRef = 7AE93E2D2845389200A70C4F /* pokedex.json */; };
/* End PBXBuildFile section */

/* Begin PBXFileReference section */
		7A6AD5912843CCB300813EF8 /* Pokedex.app */ = {isa = PBXFileReference; explicitFileType = wrapper.application; includeInIndex = 0; path = Pokedex.app; sourceTree = BUILT_PRODUCTS_DIR; };
		7A6AD5942843CCB300813EF8 /* PokedexApp.swift */ = {isa = PBXFileReference; lastKnownFileType = sourcecode.swift; path = PokedexApp.swift; sourceTree = "<group>"; };
		7A6AD5962843CCB300813EF8 /* ContentView.swift */ = {isa = PBXFileReference; lastKnownFileType = sourcecode.swift; path = ContentView.swift; sourceTree = "<group>"; };
		7A6AD5982843CCB500813EF8 /* Assets.xcassets */ = {isa = PBXFileReference; lastKnownFileType = folder.assetcatalog; path = Assets.xcassets; sourceTree = "<group>"; };
		7A6AD59B2843CCB500813EF8 /* Preview Assets.xcassets */ = {isa = PBXFileReference; lastKnownFileType = folder.assetcatalog; path = "Preview Assets.xcassets"; sourceTree = "<group>"; };
		7A6AD5A32843CDA000813EF8 /* PokedexView.swift */ = {isa = PBXFileReference; lastKnownFileType = sourcecode.swift; path = PokedexView.swift; sourceTree = "<group>"; };
		7A6AD5A52843D0AB00813EF8 /* PokemonCard.swift */ = {isa = PBXFileReference; lastKnownFileType = sourcecode.swift; path = PokemonCard.swift; sourceTree = "<group>"; };
		7A6AD5B02845109700813EF8 /* Helpers.swift */ = {isa = PBXFileReference; lastKnownFileType = sourcecode.swift; path = Helpers.swift; sourceTree = "<group>"; };
		7A6AD5B3284512F500813EF8 /* PokemonModel.swift */ = {isa = PBXFileReference; lastKnownFileType = sourcecode.swift; path = PokemonModel.swift; sourceTree = "<group>"; };
		7A6AD5B62845144B00813EF8 /* ViewModel.swift */ = {isa = PBXFileReference; lastKnownFileType = sourcecode.swift; path = ViewModel.swift; sourceTree = "<group>"; };
		7A6AD5B92845147300813EF8 /* PokemonManager.swift */ = {isa = PBXFileReference; lastKnownFileType = sourcecode.swift; path = PokemonManager.swift; sourceTree = "<group>"; };
		7A6CF1712845774000F1BC29 /* PokemonTypeModel.swift */ = {isa = PBXFileReference; lastKnownFileType = sourcecode.swift; path = PokemonTypeModel.swift; sourceTree = "<group>"; };
		7A6CF176284A59DA00F1BC29 /* PokemonDetailView.swift */ = {isa = PBXFileReference; lastKnownFileType = sourcecode.swift; path = PokemonDetailView.swift; sourceTree = "<group>"; };
		7A6CF178284A7BD200F1BC29 /* PokemonDetailModel.swift */ = {isa = PBXFileReference; lastKnownFileType = sourcecode.swift; path = PokemonDetailModel.swift; sourceTree = "<group>"; };
		7AE93E2D2845389200A70C4F /* pokedex.json */ = {isa = PBXFileReference; fileEncoding = 4; lastKnownFileType = text.json; name = pokedex.json; path = ../../../../Downloads/pokedex.json; sourceTree = "<group>"; };
/* End PBXFileReference section */

/* Begin PBXFrameworksBuildPhase section */
		7A6AD58E2843CCB300813EF8 /* Frameworks */ = {
			isa = PBXFrameworksBuildPhase;
			buildActionMask = 2147483647;
			files = (
				7A6CF175284A4F1300F1BC29 /* Kingfisher in Frameworks */,
			);
			runOnlyForDeploymentPostprocessing = 0;
		};
/* End PBXFrameworksBuildPhase section */

/* Begin PBXGroup section */
		7A6AD5882843CCB300813EF8 = {
			isa = PBXGroup;
			children = (
				7A6AD5932843CCB300813EF8 /* Pokedex */,
				7A6AD5922843CCB300813EF8 /* Products */,
			);
			sourceTree = "<group>";
		};
		7A6AD5922843CCB300813EF8 /* Products */ = {
			isa = PBXGroup;
			children = (
				7A6AD5912843CCB300813EF8 /* Pokedex.app */,
			);
			name = Products;
			sourceTree = "<group>";
		};
		7A6AD5932843CCB300813EF8 /* Pokedex */ = {
			isa = PBXGroup;
			children = (
				7A6AD5942843CCB300813EF8 /* PokedexApp.swift */,
				7A6AD5AF2845108600813EF8 /* Helpers */,
				7A6AD5B52845143000813EF8 /* ViewModels */,
				7A6AD5B2284512CD00813EF8 /* Models */,
				7A6AD5B82845145E00813EF8 /* Managers */,
				7A6AD5A22843CD8F00813EF8 /* Views */,
				7A6AD5AC28450FD900813EF8 /* Data */,
				7A6AD5982843CCB500813EF8 /* Assets.xcassets */,
				7A6AD59A2843CCB500813EF8 /* Preview Content */,
			);
			path = Pokedex;
			sourceTree = "<group>";
		};
		7A6AD59A2843CCB500813EF8 /* Preview Content */ = {
			isa = PBXGroup;
			children = (
				7A6AD59B2843CCB500813EF8 /* Preview Assets.xcassets */,
			);
			path = "Preview Content";
			sourceTree = "<group>";
		};
		7A6AD5A22843CD8F00813EF8 /* Views */ = {
			isa = PBXGroup;
			children = (
				7A6AD5962843CCB300813EF8 /* ContentView.swift */,
				7A6AD5A32843CDA000813EF8 /* PokedexView.swift */,
				7A6AD5A52843D0AB00813EF8 /* PokemonCard.swift */,
				7A6CF176284A59DA00F1BC29 /* PokemonDetailView.swift */,
			);
			path = Views;
			sourceTree = "<group>";
		};
		7A6AD5AC28450FD900813EF8 /* Data */ = {
			isa = PBXGroup;
			children = (
				7AE93E2D2845389200A70C4F /* pokedex.json */,
			);
			path = Data;
			sourceTree = "<group>";
		};
		7A6AD5AF2845108600813EF8 /* Helpers */ = {
			isa = PBXGroup;
			children = (
				7A6AD5B02845109700813EF8 /* Helpers.swift */,
			);
			path = Helpers;
			sourceTree = "<group>";
		};
		7A6AD5B2284512CD00813EF8 /* Models */ = {
			isa = PBXGroup;
			children = (
				7A6AD5B3284512F500813EF8 /* PokemonModel.swift */,
				7A6CF1712845774000F1BC29 /* PokemonTypeModel.swift */,
				7A6CF178284A7BD200F1BC29 /* PokemonDetailModel.swift */,
			);
			path = Models;
			sourceTree = "<group>";
		};
		7A6AD5B52845143000813EF8 /* ViewModels */ = {
			isa = PBXGroup;
			children = (
				7A6AD5B62845144B00813EF8 /* ViewModel.swift */,
			);
			path = ViewModels;
			sourceTree = "<group>";
		};
		7A6AD5B82845145E00813EF8 /* Managers */ = {
			isa = PBXGroup;
			children = (
				7A6AD5B92845147300813EF8 /* PokemonManager.swift */,
			);
			path = Managers;
			sourceTree = "<group>";
		};
/* End PBXGroup section */

/* Begin PBXNativeTarget section */
		7A6AD5902843CCB300813EF8 /* Pokedex */ = {
			isa = PBXNativeTarget;
			buildConfigurationList = 7A6AD59F2843CCB500813EF8 /* Build configuration list for PBXNativeTarget "Pokedex" */;
			buildPhases = (
				7A6AD58D2843CCB300813EF8 /* Sources */,
				7A6AD58E2843CCB300813EF8 /* Frameworks */,
				7A6AD58F2843CCB300813EF8 /* Resources */,
			);
			buildRules = (
			);
			dependencies = (
			);
			name = Pokedex;
			packageProductDependencies = (
				7A6CF174284A4F1300F1BC29 /* Kingfisher */,
			);
			productName = Pokedex;
			productReference = 7A6AD5912843CCB300813EF8 /* Pokedex.app */;
			productType = "com.apple.product-type.application";
		};
/* End PBXNativeTarget section */

/* Begin PBXProject section */
		7A6AD5892843CCB300813EF8 /* Project object */ = {
			isa = PBXProject;
			attributes = {
				BuildIndependentTargetsInParallel = 1;
				LastSwiftUpdateCheck = 1340;
				LastUpgradeCheck = 1340;
				TargetAttributes = {
					7A6AD5902843CCB300813EF8 = {
						CreatedOnToolsVersion = 13.4;
					};
				};
			};
			buildConfigurationList = 7A6AD58C2843CCB300813EF8 /* Build configuration list for PBXProject "Pokedex" */;
			compatibilityVersion = "Xcode 13.0";
			developmentRegion = en;
			hasScannedForEncodings = 0;
			knownRegions = (
				en,
				Base,
			);
			mainGroup = 7A6AD5882843CCB300813EF8;
			packageReferences = (
				7A6CF173284A4F1300F1BC29 /* XCRemoteSwiftPackageReference "Kingfisher" */,
			);
			productRefGroup = 7A6AD5922843CCB300813EF8 /* Products */;
			projectDirPath = "";
			projectRoot = "";
			targets = (
				7A6AD5902843CCB300813EF8 /* Pokedex */,
			);
		};
/* End PBXProject section */

/* Begin PBXResourcesBuildPhase section */
		7A6AD58F2843CCB300813EF8 /* Resources */ = {
			isa = PBXResourcesBuildPhase;
			buildActionMask = 2147483647;
			files = (
				7AE93E2E2845389200A70C4F /* pokedex.json in Resources */,
				7A6AD59C2843CCB500813EF8 /* Preview Assets.xcassets in Resources */,
				7A6AD5992843CCB500813EF8 /* Assets.xcassets in Resources */,
			);
			runOnlyForDeploymentPostprocessing = 0;
		};
/* End PBXResourcesBuildPhase section */

/* Begin PBXSourcesBuildPhase section */
		7A6AD58D2843CCB300813EF8 /* Sources */ = {
			isa = PBXSourcesBuildPhase;
			buildActionMask = 2147483647;
			files = (
				7A6AD5B12845109700813EF8 /* Helpers.swift in Sources */,
				7A6CF177284A59DA00F1BC29 /* PokemonDetailView.swift in Sources */,
				7A6AD5A42843CDA000813EF8 /* PokedexView.swift in Sources */,
				7A6CF179284A7BD200F1BC29 /* PokemonDetailModel.swift in Sources */,
				7A6AD5972843CCB300813EF8 /* ContentView.swift in Sources */,
				7A6AD5BA2845147300813EF8 /* PokemonManager.swift in Sources */,
				7A6AD5952843CCB300813EF8 /* PokedexApp.swift in Sources */,
				7A6AD5A62843D0AB00813EF8 /* PokemonCard.swift in Sources */,
				7A6AD5B4284512F500813EF8 /* PokemonModel.swift in Sources */,
				7A6CF1722845774000F1BC29 /* PokemonTypeModel.swift in Sources */,
				7A6AD5B72845144B00813EF8 /* ViewModel.swift in Sources */,
			);
			runOnlyForDeploymentPostprocessing = 0;
		};
/* End PBXSourcesBuildPhase section */

/* Begin XCBuildConfiguration section */
		7A6AD59D2843CCB500813EF8 /* Debug */ = {
			isa = XCBuildConfiguration;
			buildSettings = {
				ALWAYS_SEARCH_USER_PATHS = NO;
				CLANG_ANALYZER_NONNULL = YES;
				CLANG_ANALYZER_NUMBER_OBJECT_CONVERSION = YES_AGGRESSIVE;
				CLANG_CXX_LANGUAGE_STANDARD = "gnu++17";
				CLANG_ENABLE_MODULES = YES;
				CLANG_ENABLE_OBJC_ARC = YES;
				CLANG_ENABLE_OBJC_WEAK = YES;
				CLANG_WARN_BLOCK_CAPTURE_AUTORELEASING = YES;
				CLANG_WARN_BOOL_CONVERSION = YES;
				CLANG_WARN_COMMA = YES;
				CLANG_WARN_CONSTANT_CONVERSION = YES;
				CLANG_WARN_DEPRECATED_OBJC_IMPLEMENTATIONS = YES;
				CLANG_WARN_DIRECT_OBJC_ISA_USAGE = YES_ERROR;
				CLANG_WARN_DOCUMENTATION_COMMENTS = YES;
				CLANG_WARN_EMPTY_BODY = YES;
				CLANG_WARN_ENUM_CONVERSION = YES;
				CLANG_WARN_INFINITE_RECURSION = YES;
				CLANG_WARN_INT_CONVERSION = YES;
				CLANG_WARN_NON_LITERAL_NULL_CONVERSION = YES;
				CLANG_WARN_OBJC_IMPLICIT_RETAIN_SELF = YES;
				CLANG_WARN_OBJC_LITERAL_CONVERSION = YES;
				CLANG_WARN_OBJC_ROOT_CLASS = YES_ERROR;
				CLANG_WARN_QUOTED_INCLUDE_IN_FRAMEWORK_HEADER = YES;
				CLANG_WARN_RANGE_LOOP_ANALYSIS = YES;
				CLANG_WARN_STRICT_PROTOTYPES = YES;
				CLANG_WARN_SUSPICIOUS_MOVE = YES;
				CLANG_WARN_UNGUARDED_AVAILABILITY = YES_AGGRESSIVE;
				CLANG_WARN_UNREACHABLE_CODE = YES;
				CLANG_WARN__DUPLICATE_METHOD_MATCH = YES;
				COPY_PHASE_STRIP = NO;
				DEBUG_INFORMATION_FORMAT = dwarf;
				ENABLE_STRICT_OBJC_MSGSEND = YES;
				ENABLE_TESTABILITY = YES;
				GCC_C_LANGUAGE_STANDARD = gnu11;
				GCC_DYNAMIC_NO_PIC = NO;
				GCC_NO_COMMON_BLOCKS = YES;
				GCC_OPTIMIZATION_LEVEL = 0;
				GCC_PREPROCESSOR_DEFINITIONS = (
					"DEBUG=1",
					"$(inherited)",
				);
				GCC_WARN_64_TO_32_BIT_CONVERSION = YES;
				GCC_WARN_ABOUT_RETURN_TYPE = YES_ERROR;
				GCC_WARN_UNDECLARED_SELECTOR = YES;
				GCC_WARN_UNINITIALIZED_AUTOS = YES_AGGRESSIVE;
				GCC_WARN_UNUSED_FUNCTION = YES;
				GCC_WARN_UNUSED_VARIABLE = YES;
				IPHONEOS_DEPLOYMENT_TARGET = 15.5;
				MTL_ENABLE_DEBUG_INFO = INCLUDE_SOURCE;
				MTL_FAST_MATH = YES;
				ONLY_ACTIVE_ARCH = YES;
				SDKROOT = iphoneos;
				SWIFT_ACTIVE_COMPILATION_CONDITIONS = DEBUG;
				SWIFT_OPTIMIZATION_LEVEL = "-Onone";
			};
			name = Debug;
		};
		7A6AD59E2843CCB500813EF8 /* Release */ = {
			isa = XCBuildConfiguration;
			buildSettings = {
				ALWAYS_SEARCH_USER_PATHS = NO;
				CLANG_ANALYZER_NONNULL = YES;
				CLANG_ANALYZER_NUMBER_OBJECT_CONVERSION = YES_AGGRESSIVE;
				CLANG_CXX_LANGUAGE_STANDARD = "gnu++17";
				CLANG_ENABLE_MODULES = YES;
				CLANG_ENABLE_OBJC_ARC = YES;
				CLANG_ENABLE_OBJC_WEAK = YES;
				CLANG_WARN_BLOCK_CAPTURE_AUTORELEASING = YES;
				CLANG_WARN_BOOL_CONVERSION = YES;
				CLANG_WARN_COMMA = YES;
				CLANG_WARN_CONSTANT_CONVERSION = YES;
				CLANG_WARN_DEPRECATED_OBJC_IMPLEMENTATIONS = YES;
				CLANG_WARN_DIRECT_OBJC_ISA_USAGE = YES_ERROR;
				CLANG_WARN_DOCUMENTATION_COMMENTS = YES;
				CLANG_WARN_EMPTY_BODY = YES;
				CLANG_WARN_ENUM_CONVERSION = YES;
				CLANG_WARN_INFINITE_RECURSION = YES;
				CLANG_WARN_INT_CONVERSION = YES;
				CLANG_WARN_NON_LITERAL_NULL_CONVERSION = YES;
				CLANG_WARN_OBJC_IMPLICIT_RETAIN_SELF = YES;
				CLANG_WARN_OBJC_LITERAL_CONVERSION = YES;
				CLANG_WARN_OBJC_ROOT_CLASS = YES_ERROR;
				CLANG_WARN_QUOTED_INCLUDE_IN_FRAMEWORK_HEADER = YES;
				CLANG_WARN_RANGE_LOOP_ANALYSIS = YES;
				CLANG_WARN_STRICT_PROTOTYPES = YES;
				CLANG_WARN_SUSPICIOUS_MOVE = YES;
				CLANG_WARN_UNGUARDED_AVAILABILITY = YES_AGGRESSIVE;
				CLANG_WARN_UNREACHABLE_CODE = YES;
				CLANG_WARN__DUPLICATE_METHOD_MATCH = YES;
				COPY_PHASE_STRIP = NO;
				DEBUG_INFORMATION_FORMAT = "dwarf-with-dsym";
				ENABLE_NS_ASSERTIONS = NO;
				ENABLE_STRICT_OBJC_MSGSEND = YES;
				GCC_C_LANGUAGE_STANDARD = gnu11;
				GCC_NO_COMMON_BLOCKS = YES;
				GCC_WARN_64_TO_32_BIT_CONVERSION = YES;
				GCC_WARN_ABOUT_RETURN_TYPE = YES_ERROR;
				GCC_WARN_UNDECLARED_SELECTOR = YES;
				GCC_WARN_UNINITIALIZED_AUTOS = YES_AGGRESSIVE;
				GCC_WARN_UNUSED_FUNCTION = YES;
				GCC_WARN_UNUSED_VARIABLE = YES;
				IPHONEOS_DEPLOYMENT_TARGET = 15.5;
				MTL_ENABLE_DEBUG_INFO = NO;
				MTL_FAST_MATH = YES;
				SDKROOT = iphoneos;
				SWIFT_COMPILATION_MODE = wholemodule;
				SWIFT_OPTIMIZATION_LEVEL = "-O";
				VALIDATE_PRODUCT = YES;
			};
			name = Release;
		};
		7A6AD5A02843CCB500813EF8 /* Debug */ = {
			isa = XCBuildConfiguration;
			buildSettings = {
				ASSETCATALOG_COMPILER_APPICON_NAME = AppIcon;
				ASSETCATALOG_COMPILER_GLOBAL_ACCENT_COLOR_NAME = AccentColor;
				CODE_SIGN_STYLE = Automatic;
				CURRENT_PROJECT_VERSION = 1;
				DEVELOPMENT_ASSET_PATHS = "\"Pokedex/Preview Content\"";
				DEVELOPMENT_TEAM = 9FEWR2KLB5;
				ENABLE_PREVIEWS = YES;
				GENERATE_INFOPLIST_FILE = YES;
				INFOPLIST_KEY_UIApplicationSceneManifest_Generation = YES;
				INFOPLIST_KEY_UIApplicationSupportsIndirectInputEvents = YES;
				INFOPLIST_KEY_UILaunchScreen_Generation = YES;
				INFOPLIST_KEY_UIStatusBarHidden = YES;
				INFOPLIST_KEY_UISupportedInterfaceOrientations = UIInterfaceOrientationPortrait;
				INFOPLIST_KEY_UISupportedInterfaceOrientations_iPad = "UIInterfaceOrientationPortrait UIInterfaceOrientationPortraitUpsideDown UIInterfaceOrientationLandscapeLeft UIInterfaceOrientationLandscapeRight";
				INFOPLIST_KEY_UISupportedInterfaceOrientations_iPhone = "UIInterfaceOrientationPortrait UIInterfaceOrientationLandscapeLeft UIInterfaceOrientationLandscapeRight";
				LD_RUNPATH_SEARCH_PATHS = (
					"$(inherited)",
					"@executable_path/Frameworks",
				);
				MARKETING_VERSION = 1.0;
				PRODUCT_BUNDLE_IDENTIFIER = me.baeli.paolo.Pokedex;
				PRODUCT_NAME = "$(TARGET_NAME)";
				SWIFT_EMIT_LOC_STRINGS = YES;
				SWIFT_VERSION = 5.0;
				TARGETED_DEVICE_FAMILY = 1;
			};
			name = Debug;
		};
		7A6AD5A12843CCB500813EF8 /* Release */ = {
			isa = XCBuildConfiguration;
			buildSettings = {
				ASSETCATALOG_COMPILER_APPICON_NAME = AppIcon;
				ASSETCATALOG_COMPILER_GLOBAL_ACCENT_COLOR_NAME = AccentColor;
				CODE_SIGN_STYLE = Automatic;
				CURRENT_PROJECT_VERSION = 1;
				DEVELOPMENT_ASSET_PATHS = "\"Pokedex/Preview Content\"";
				DEVELOPMENT_TEAM = 9FEWR2KLB5;
				ENABLE_PREVIEWS = YES;
				GENERATE_INFOPLIST_FILE = YES;
				INFOPLIST_KEY_UIApplicationSceneManifest_Generation = YES;
				INFOPLIST_KEY_UIApplicationSupportsIndirectInputEvents = YES;
				INFOPLIST_KEY_UILaunchScreen_Generation = YES;
				INFOPLIST_KEY_UIStatusBarHidden = YES;
				INFOPLIST_KEY_UISupportedInterfaceOrientations = UIInterfaceOrientationPortrait;
				INFOPLIST_KEY_UISupportedInterfaceOrientations_iPad = "UIInterfaceOrientationPortrait UIInterfaceOrientationPortraitUpsideDown UIInterfaceOrientationLandscapeLeft UIInterfaceOrientationLandscapeRight";
				INFOPLIST_KEY_UISupportedInterfaceOrientations_iPhone = "UIInterfaceOrientationPortrait UIInterfaceOrientationLandscapeLeft UIInterfaceOrientationLandscapeRight";
				LD_RUNPATH_SEARCH_PATHS = (
					"$(inherited)",
					"@executable_path/Frameworks",
				);
				MARKETING_VERSION = 1.0;
				PRODUCT_BUNDLE_IDENTIFIER = me.baeli.paolo.Pokedex;
				PRODUCT_NAME = "$(TARGET_NAME)";
				SWIFT_EMIT_LOC_STRINGS = YES;
				SWIFT_VERSION = 5.0;
				TARGETED_DEVICE_FAMILY = 1;
			};
			name = Release;
		};
/* End XCBuildConfiguration section */

/* Begin XCConfigurationList section */
		7A6AD58C2843CCB300813EF8 /* Build configuration list for PBXProject "Pokedex" */ = {
			isa = XCConfigurationList;
			buildConfigurations = (
				7A6AD59D2843CCB500813EF8 /* Debug */,
				7A6AD59E2843CCB500813EF8 /* Release */,
			);
			defaultConfigurationIsVisible = 0;
			defaultConfigurationName = Release;
		};
		7A6AD59F2843CCB500813EF8 /* Build configuration list for PBXNativeTarget "Pokedex" */ = {
			isa = XCConfigurationList;
			buildConfigurations = (
				7A6AD5A02843CCB500813EF8 /* Debug */,
				7A6AD5A12843CCB500813EF8 /* Release */,
			);
			defaultConfigurationIsVisible = 0;
			defaultConfigurationName = Release;
		};
/* End XCConfigurationList section */

/* Begin XCRemoteSwiftPackageReference section */
		7A6CF173284A4F1300F1BC29 /* XCRemoteSwiftPackageReference "Kingfisher" */ = {
			isa = XCRemoteSwiftPackageReference;
			repositoryURL = "https://github.com/onevcat/Kingfisher.git";
			requirement = {
				kind = upToNextMajorVersion;
				minimumVersion = 7.0.0;
			};
		};
/* End XCRemoteSwiftPackageReference section */

/* Begin XCSwiftPackageProductDependency section */
		7A6CF174284A4F1300F1BC29 /* Kingfisher */ = {
			isa = XCSwiftPackageProductDependency;
			package = 7A6CF173284A4F1300F1BC29 /* XCRemoteSwiftPackageReference "Kingfisher" */;
			productName = Kingfisher;
		};
/* End XCSwiftPackageProductDependency section */
	};
	rootObject = 7A6AD5892843CCB300813EF8 /* Project object */;
}
